# Code generated by scarb DO NOT EDIT.
version = 1

[[package]]
name = "ip_smart_transaction"
version = "0.1.0"
dependencies = [
 "snforge_std",
]

[[package]]
name = "snforge_scarb_plugin"
version = "0.37.1"
source = "registry+https://scarbs.xyz/"
checksum = "sha256:1a40de731b70d1283255d302b4ac471195ee3449c4a5881b3491284329bc2fb3"

[[package]]
name = "snforge_std"
version = "0.37.1"
source = "registry+https://scarbs.xyz/"
checksum = "sha256:129f2678462f489c6f7f3997625c518304a9a568921dd06d883fa5bcf4bdac14"
dependencies = [
 "snforge_scarb_plugin",
]
